
Microsoft Visual Studio Solution File, Format Version 12.00
# Visual Studio Version 16
VisualStudioVersion = 16.0.29509.3
MinimumVisualStudioVersion = 10.0.40219.1
Project("{FAE04EC0-301F-11D3-BF4B-00C04F79EFBC}") = "DesignPatterns", "DesignPatterns\DesignPatterns.csproj", "{14E08DCB-0582-4CDF-9382-434D48C432AC}"
EndProject
Global
	GlobalSection(SolutionConfigurationPlatforms) = preSolution
		Debug|Any CPU = Debug|Any CPU
		Release|Any CPU = Release|Any CPU
	EndGlobalSection
	GlobalSection(ProjectConfigurationPlatforms) = postSolution
		{14E08DCB-0582-4CDF-9382-434D48C432AC}.Debug|Any CPU.ActiveCfg = Debug|Any CPU
		{14E08DCB-0582-4CDF-9382-434D48C432AC}.Debug|Any CPU.Build.0 = Debug|Any CPU
		{14E08DCB-0582-4CDF-9382-434D48C432AC}.Release|Any CPU.ActiveCfg = Release|Any CPU
		{14E08DCB-0582-4CDF-9382-434D48C432AC}.Release|Any CPU.Build.0 = Release|Any CPU
	EndGlobalSection
	GlobalSection(SolutionProperties) = preSolution
		HideSolutionNode = FALSE
	EndGlobalSection
	GlobalSection(ExtensibilityGlobals) = postSolution
		SolutionGuid = {B577F6EF-C9CB-4272-858E-3359C02BF1FC}
	EndGlobalSection
EndGlobal
